// !$*UTF8*$!
{
	archiveVersion = 1;
	classes = {
	};
	objectVersion = 51;
	objects = {

/* Begin PBXBuildFile section */
		0FD197B06A2B62A78E34E7C5 /* Pods_facultycollab.framework in Frameworks */ = {isa = PBXBuildFile; fileRef = 7BE7C3F00725629368B6B87F /* Pods_facultycollab.framework */; };
		FC5EF37C234D412B003FFB65 /* SignIn.swift in Sources */ = {isa = PBXBuildFile; fileRef = FC5EF37B234D412B003FFB65 /* SignIn.swift */; };
		FC5EF37E234D4178003FFB65 /* CreateProjectView.swift in Sources */ = {isa = PBXBuildFile; fileRef = FC5EF37D234D4178003FFB65 /* CreateProjectView.swift */; };
		FC5EF380234D4183003FFB65 /* ChatView.swift in Sources */ = {isa = PBXBuildFile; fileRef = FC5EF37F234D4183003FFB65 /* ChatView.swift */; };
		FC5EF382234D418D003FFB65 /* DashboardView.swift in Sources */ = {isa = PBXBuildFile; fileRef = FC5EF381234D418D003FFB65 /* DashboardView.swift */; };
		FC83203B2344025500D0CF55 /* AppDelegate.swift in Sources */ = {isa = PBXBuildFile; fileRef = FC83203A2344025500D0CF55 /* AppDelegate.swift */; };
		FC83203D2344025500D0CF55 /* SceneDelegate.swift in Sources */ = {isa = PBXBuildFile; fileRef = FC83203C2344025500D0CF55 /* SceneDelegate.swift */; };
		FC83203F2344025500D0CF55 /* ContentView.swift in Sources */ = {isa = PBXBuildFile; fileRef = FC83203E2344025500D0CF55 /* ContentView.swift */; };
		FC8320412344025700D0CF55 /* Assets.xcassets in Resources */ = {isa = PBXBuildFile; fileRef = FC8320402344025700D0CF55 /* Assets.xcassets */; };
		FC8320442344025700D0CF55 /* Preview Assets.xcassets in Resources */ = {isa = PBXBuildFile; fileRef = FC8320432344025700D0CF55 /* Preview Assets.xcassets */; };
		FC8320472344025700D0CF55 /* LaunchScreen.storyboard in Resources */ = {isa = PBXBuildFile; fileRef = FC8320452344025700D0CF55 /* LaunchScreen.storyboard */; };
		FC83204F23440BCE00D0CF55 /* GoogleService-Info.plist in Resources */ = {isa = PBXBuildFile; fileRef = FC83204E23440BCE00D0CF55 /* GoogleService-Info.plist */; };
		FCD292AE2368F25400E5F0F3 /* project.swift in Sources */ = {isa = PBXBuildFile; fileRef = FCD292AD2368F25400E5F0F3 /* project.swift */; };
		FCD292B12368F59200E5F0F3 /* FirebaseSession.swift in Sources */ = {isa = PBXBuildFile; fileRef = FCD292B02368F59200E5F0F3 /* FirebaseSession.swift */; };
/* End PBXBuildFile section */

/* Begin PBXFileReference section */
		1112430AC5939B6BA28B90C3 /* Pods-facultycollab.debug.xcconfig */ = {isa = PBXFileReference; includeInIndex = 1; lastKnownFileType = text.xcconfig; name = "Pods-facultycollab.debug.xcconfig"; path = "Target Support Files/Pods-facultycollab/Pods-facultycollab.debug.xcconfig"; sourceTree = "<group>"; };
		4545FE46AEBE42382E7D6EE6 /* Pods-facultycollab.release.xcconfig */ = {isa = PBXFileReference; includeInIndex = 1; lastKnownFileType = text.xcconfig; name = "Pods-facultycollab.release.xcconfig"; path = "Target Support Files/Pods-facultycollab/Pods-facultycollab.release.xcconfig"; sourceTree = "<group>"; };
		7BE7C3F00725629368B6B87F /* Pods_facultycollab.framework */ = {isa = PBXFileReference; explicitFileType = wrapper.framework; includeInIndex = 0; path = Pods_facultycollab.framework; sourceTree = BUILT_PRODUCTS_DIR; };
		FC5EF37B234D412B003FFB65 /* SignIn.swift */ = {isa = PBXFileReference; lastKnownFileType = sourcecode.swift; path = SignIn.swift; sourceTree = "<group>"; };
		FC5EF37D234D4178003FFB65 /* CreateProjectView.swift */ = {isa = PBXFileReference; lastKnownFileType = sourcecode.swift; path = CreateProjectView.swift; sourceTree = "<group>"; };
		FC5EF37F234D4183003FFB65 /* ChatView.swift */ = {isa = PBXFileReference; lastKnownFileType = sourcecode.swift; path = ChatView.swift; sourceTree = "<group>"; };
		FC5EF381234D418D003FFB65 /* DashboardView.swift */ = {isa = PBXFileReference; lastKnownFileType = sourcecode.swift; path = DashboardView.swift; sourceTree = "<group>"; };
		FC8320372344025500D0CF55 /* facultycollab.app */ = {isa = PBXFileReference; explicitFileType = wrapper.application; includeInIndex = 0; path = facultycollab.app; sourceTree = BUILT_PRODUCTS_DIR; };
		FC83203A2344025500D0CF55 /* AppDelegate.swift */ = {isa = PBXFileReference; lastKnownFileType = sourcecode.swift; path = AppDelegate.swift; sourceTree = "<group>"; };
		FC83203C2344025500D0CF55 /* SceneDelegate.swift */ = {isa = PBXFileReference; lastKnownFileType = sourcecode.swift; path = SceneDelegate.swift; sourceTree = "<group>"; };
		FC83203E2344025500D0CF55 /* ContentView.swift */ = {isa = PBXFileReference; lastKnownFileType = sourcecode.swift; path = ContentView.swift; sourceTree = "<group>"; };
		FC8320402344025700D0CF55 /* Assets.xcassets */ = {isa = PBXFileReference; lastKnownFileType = folder.assetcatalog; path = Assets.xcassets; sourceTree = "<group>"; };
		FC8320432344025700D0CF55 /* Preview Assets.xcassets */ = {isa = PBXFileReference; lastKnownFileType = folder.assetcatalog; path = "Preview Assets.xcassets"; sourceTree = "<group>"; };
		FC8320462344025700D0CF55 /* Base */ = {isa = PBXFileReference; lastKnownFileType = file.storyboard; name = Base; path = Base.lproj/LaunchScreen.storyboard; sourceTree = "<group>"; };
		FC8320482344025700D0CF55 /* Info.plist */ = {isa = PBXFileReference; lastKnownFileType = text.plist.xml; path = Info.plist; sourceTree = "<group>"; };
		FC83204E23440BCE00D0CF55 /* GoogleService-Info.plist */ = {isa = PBXFileReference; fileEncoding = 4; lastKnownFileType = text.plist.xml; name = "GoogleService-Info.plist"; path = "../GoogleService-Info.plist"; sourceTree = "<group>"; };
		FCD292AD2368F25400E5F0F3 /* project.swift */ = {isa = PBXFileReference; lastKnownFileType = sourcecode.swift; path = project.swift; sourceTree = "<group>"; };
		FCD292B02368F59200E5F0F3 /* FirebaseSession.swift */ = {isa = PBXFileReference; lastKnownFileType = sourcecode.swift; path = FirebaseSession.swift; sourceTree = "<group>"; };
/* End PBXFileReference section */

/* Begin PBXFrameworksBuildPhase section */
		FC8320342344025400D0CF55 /* Frameworks */ = {
			isa = PBXFrameworksBuildPhase;
			buildActionMask = 2147483647;
			files = (
				0FD197B06A2B62A78E34E7C5 /* Pods_facultycollab.framework in Frameworks */,
			);
			runOnlyForDeploymentPostprocessing = 0;
		};
/* End PBXFrameworksBuildPhase section */

/* Begin PBXGroup section */
		223B63D790F219B5DBF90427 /* Frameworks */ = {
			isa = PBXGroup;
			children = (
				7BE7C3F00725629368B6B87F /* Pods_facultycollab.framework */,
			);
			name = Frameworks;
			sourceTree = "<group>";
		};
		56CF5EC887919EA439653FD8 /* Pods */ = {
			isa = PBXGroup;
			children = (
				1112430AC5939B6BA28B90C3 /* Pods-facultycollab.debug.xcconfig */,
				4545FE46AEBE42382E7D6EE6 /* Pods-facultycollab.release.xcconfig */,
			);
			path = Pods;
			sourceTree = "<group>";
		};
		FC83202E2344025400D0CF55 = {
			isa = PBXGroup;
			children = (
				FC83204E23440BCE00D0CF55 /* GoogleService-Info.plist */,
				FC8320392344025500D0CF55 /* facultycollab */,
				FC8320382344025500D0CF55 /* Products */,
				56CF5EC887919EA439653FD8 /* Pods */,
				223B63D790F219B5DBF90427 /* Frameworks */,
			);
			sourceTree = "<group>";
		};
		FC8320382344025500D0CF55 /* Products */ = {
			isa = PBXGroup;
			children = (
				FC8320372344025500D0CF55 /* facultycollab.app */,
			);
			name = Products;
			sourceTree = "<group>";
		};
		FC8320392344025500D0CF55 /* facultycollab */ = {
			isa = PBXGroup;
			children = (
				FCD292AF2368F58100E5F0F3 /* Firebase */,
				FC83203A2344025500D0CF55 /* AppDelegate.swift */,
				FC83203C2344025500D0CF55 /* SceneDelegate.swift */,
				FC83203E2344025500D0CF55 /* ContentView.swift */,
				FC5EF37B234D412B003FFB65 /* SignIn.swift */,
				FC5EF37D234D4178003FFB65 /* CreateProjectView.swift */,
				FC5EF37F234D4183003FFB65 /* ChatView.swift */,
				FC5EF381234D418D003FFB65 /* DashboardView.swift */,
				FCD292AD2368F25400E5F0F3 /* project.swift */,
				FC8320402344025700D0CF55 /* Assets.xcassets */,
				FC8320452344025700D0CF55 /* LaunchScreen.storyboard */,
				FC8320482344025700D0CF55 /* Info.plist */,
				FC8320422344025700D0CF55 /* Preview Content */,
			);
			path = facultycollab;
			sourceTree = "<group>";
		};
		FC8320422344025700D0CF55 /* Preview Content */ = {
			isa = PBXGroup;
			children = (
				FC8320432344025700D0CF55 /* Preview Assets.xcassets */,
			);
			path = "Preview Content";
			sourceTree = "<group>";
		};
		FCD292AF2368F58100E5F0F3 /* Firebase */ = {
			isa = PBXGroup;
			children = (
				FCD292B02368F59200E5F0F3 /* FirebaseSession.swift */,
			);
			path = Firebase;
			sourceTree = "<group>";
		};
/* End PBXGroup section */

/* Begin PBXNativeTarget section */
		FC8320362344025400D0CF55 /* facultycollab */ = {
			isa = PBXNativeTarget;
			buildConfigurationList = FC83204B2344025700D0CF55 /* Build configuration list for PBXNativeTarget "facultycollab" */;
			buildPhases = (
				4CC5756DAE11D313373E4845 /* [CP] Check Pods Manifest.lock */,
				FC8320332344025400D0CF55 /* Sources */,
				FC8320342344025400D0CF55 /* Frameworks */,
				FC8320352344025400D0CF55 /* Resources */,
				B5B5DA022FA350C71C13340C /* [CP] Embed Pods Frameworks */,
			);
			buildRules = (
			);
			dependencies = (
			);
			name = facultycollab;
			productName = facultycollab;
			productReference = FC8320372344025500D0CF55 /* facultycollab.app */;
			productType = "com.apple.product-type.application";
		};
/* End PBXNativeTarget section */

/* Begin PBXProject section */
		FC83202F2344025400D0CF55 /* Project object */ = {
			isa = PBXProject;
			attributes = {
				LastSwiftUpdateCheck = 1100;
				LastUpgradeCheck = 1100;
				ORGANIZATIONNAME = "Cameron Bardell";
				TargetAttributes = {
					FC8320362344025400D0CF55 = {
						CreatedOnToolsVersion = 11.0;
					};
				};
			};
			buildConfigurationList = FC8320322344025400D0CF55 /* Build configuration list for PBXProject "facultycollab" */;
			compatibilityVersion = "Xcode 9.3";
			developmentRegion = en;
			hasScannedForEncodings = 0;
			knownRegions = (
				en,
				Base,
			);
			mainGroup = FC83202E2344025400D0CF55;
			productRefGroup = FC8320382344025500D0CF55 /* Products */;
			projectDirPath = "";
			projectRoot = "";
			targets = (
				FC8320362344025400D0CF55 /* facultycollab */,
			);
		};
/* End PBXProject section */

/* Begin PBXResourcesBuildPhase section */
		FC8320352344025400D0CF55 /* Resources */ = {
			isa = PBXResourcesBuildPhase;
			buildActionMask = 2147483647;
			files = (
				FC8320472344025700D0CF55 /* LaunchScreen.storyboard in Resources */,
				FC83204F23440BCE00D0CF55 /* GoogleService-Info.plist in Resources */,
				FC8320442344025700D0CF55 /* Preview Assets.xcassets in Resources */,
				FC8320412344025700D0CF55 /* Assets.xcassets in Resources */,
			);
			runOnlyForDeploymentPostprocessing = 0;
		};
/* End PBXResourcesBuildPhase section */

/* Begin PBXShellScriptBuildPhase section */
		4CC5756DAE11D313373E4845 /* [CP] Check Pods Manifest.lock */ = {
			isa = PBXShellScriptBuildPhase;
			buildActionMask = 2147483647;
			files = (
			);
			inputFileListPaths = (
			);
			inputPaths = (
				"${PODS_PODFILE_DIR_PATH}/Podfile.lock",
				"${PODS_ROOT}/Manifest.lock",
			);
			name = "[CP] Check Pods Manifest.lock";
			outputFileListPaths = (
			);
			outputPaths = (
				"$(DERIVED_FILE_DIR)/Pods-facultycollab-checkManifestLockResult.txt",
			);
			runOnlyForDeploymentPostprocessing = 0;
			shellPath = /bin/sh;
			shellScript = "diff \"${PODS_PODFILE_DIR_PATH}/Podfile.lock\" \"${PODS_ROOT}/Manifest.lock\" > /dev/null\nif [ $? != 0 ] ; then\n    # print error to STDERR\n    echo \"error: The sandbox is not in sync with the Podfile.lock. Run 'pod install' or update your CocoaPods installation.\" >&2\n    exit 1\nfi\n# This output is used by Xcode 'outputs' to avoid re-running this script phase.\necho \"SUCCESS\" > \"${SCRIPT_OUTPUT_FILE_0}\"\n";
			showEnvVarsInLog = 0;
		};
		B5B5DA022FA350C71C13340C /* [CP] Embed Pods Frameworks */ = {
			isa = PBXShellScriptBuildPhase;
			buildActionMask = 2147483647;
			files = (
			);
			inputFileListPaths = (
				"${PODS_ROOT}/Target Support Files/Pods-facultycollab/Pods-facultycollab-frameworks-${CONFIGURATION}-input-files.xcfilelist",
			);
			name = "[CP] Embed Pods Frameworks";
			outputFileListPaths = (
				"${PODS_ROOT}/Target Support Files/Pods-facultycollab/Pods-facultycollab-frameworks-${CONFIGURATION}-output-files.xcfilelist",
			);
			runOnlyForDeploymentPostprocessing = 0;
			shellPath = /bin/sh;
			shellScript = "\"${PODS_ROOT}/Target Support Files/Pods-facultycollab/Pods-facultycollab-frameworks.sh\"\n";
			showEnvVarsInLog = 0;
		};
/* End PBXShellScriptBuildPhase section */

/* Begin PBXSourcesBuildPhase section */
		FC8320332344025400D0CF55 /* Sources */ = {
			isa = PBXSourcesBuildPhase;
			buildActionMask = 2147483647;
			files = (
				FC83203B2344025500D0CF55 /* AppDelegate.swift in Sources */,
				FC5EF37E234D4178003FFB65 /* CreateProjectView.swift in Sources */,
				FC5EF37C234D412B003FFB65 /* SignIn.swift in Sources */,
				FC5EF382234D418D003FFB65 /* DashboardView.swift in Sources */,
				FC83203D2344025500D0CF55 /* SceneDelegate.swift in Sources */,
				FC5EF380234D4183003FFB65 /* ChatView.swift in Sources */,
				FCD292B12368F59200E5F0F3 /* FirebaseSession.swift in Sources */,
				FC83203F2344025500D0CF55 /* ContentView.swift in Sources */,
				FCD292AE2368F25400E5F0F3 /* project.swift in Sources */,
			);
			runOnlyForDeploymentPostprocessing = 0;
		};
/* End PBXSourcesBuildPhase section */

/* Begin PBXVariantGroup section */
		FC8320452344025700D0CF55 /* LaunchScreen.storyboard */ = {
			isa = PBXVariantGroup;
			children = (
				FC8320462344025700D0CF55 /* Base */,
			);
			name = LaunchScreen.storyboard;
			sourceTree = "<group>";
		};
/* End PBXVariantGroup section */

/* Begin XCBuildConfiguration section */
		FC8320492344025700D0CF55 /* Debug */ = {
			isa = XCBuildConfiguration;
			buildSettings = {
				ALWAYS_SEARCH_USER_PATHS = NO;
				CLANG_ANALYZER_NONNULL = YES;
				CLANG_ANALYZER_NUMBER_OBJECT_CONVERSION = YES_AGGRESSIVE;
				CLANG_CXX_LANGUAGE_STANDARD = "gnu++14";
				CLANG_CXX_LIBRARY = "libc++";
				CLANG_ENABLE_MODULES = YES;
				CLANG_ENABLE_OBJC_ARC = YES;
				CLANG_ENABLE_OBJC_WEAK = YES;
				CLANG_WARN_BLOCK_CAPTURE_AUTORELEASING = YES;
				CLANG_WARN_BOOL_CONVERSION = YES;
				CLANG_WARN_COMMA = YES;
				CLANG_WARN_CONSTANT_CONVERSION = YES;
				CLANG_WARN_DEPRECATED_OBJC_IMPLEMENTATIONS = YES;
				CLANG_WARN_DIRECT_OBJC_ISA_USAGE = YES_ERROR;
				CLANG_WARN_DOCUMENTATION_COMMENTS = YES;
				CLANG_WARN_EMPTY_BODY = YES;
				CLANG_WARN_ENUM_CONVERSION = YES;
				CLANG_WARN_INFINITE_RECURSION = YES;
				CLANG_WARN_INT_CONVERSION = YES;
				CLANG_WARN_NON_LITERAL_NULL_CONVERSION = YES;
				CLANG_WARN_OBJC_IMPLICIT_RETAIN_SELF = YES;
				CLANG_WARN_OBJC_LITERAL_CONVERSION = YES;
				CLANG_WARN_OBJC_ROOT_CLASS = YES_ERROR;
				CLANG_WARN_RANGE_LOOP_ANALYSIS = YES;
				CLANG_WARN_STRICT_PROTOTYPES = YES;
				CLANG_WARN_SUSPICIOUS_MOVE = YES;
				CLANG_WARN_UNGUARDED_AVAILABILITY = YES_AGGRESSIVE;
				CLANG_WARN_UNREACHABLE_CODE = YES;
				CLANG_WARN__DUPLICATE_METHOD_MATCH = YES;
				COPY_PHASE_STRIP = NO;
				DEBUG_INFORMATION_FORMAT = dwarf;
				ENABLE_STRICT_OBJC_MSGSEND = YES;
				ENABLE_TESTABILITY = YES;
				GCC_C_LANGUAGE_STANDARD = gnu11;
				GCC_DYNAMIC_NO_PIC = NO;
				GCC_NO_COMMON_BLOCKS = YES;
				GCC_OPTIMIZATION_LEVEL = 0;
				GCC_PREPROCESSOR_DEFINITIONS = (
					"DEBUG=1",
					"$(inherited)",
				);
				GCC_WARN_64_TO_32_BIT_CONVERSION = YES;
				GCC_WARN_ABOUT_RETURN_TYPE = YES_ERROR;
				GCC_WARN_UNDECLARED_SELECTOR = YES;
				GCC_WARN_UNINITIALIZED_AUTOS = YES_AGGRESSIVE;
				GCC_WARN_UNUSED_FUNCTION = YES;
				GCC_WARN_UNUSED_VARIABLE = YES;
				IPHONEOS_DEPLOYMENT_TARGET = 13.0;
				MTL_ENABLE_DEBUG_INFO = INCLUDE_SOURCE;
				MTL_FAST_MATH = YES;
				ONLY_ACTIVE_ARCH = YES;
				SDKROOT = iphoneos;
				SWIFT_ACTIVE_COMPILATION_CONDITIONS = DEBUG;
				SWIFT_OPTIMIZATION_LEVEL = "-Onone";
			};
			name = Debug;
		};
		FC83204A2344025700D0CF55 /* Release */ = {
			isa = XCBuildConfiguration;
			buildSettings = {
				ALWAYS_SEARCH_USER_PATHS = NO;
				CLANG_ANALYZER_NONNULL = YES;
				CLANG_ANALYZER_NUMBER_OBJECT_CONVERSION = YES_AGGRESSIVE;
				CLANG_CXX_LANGUAGE_STANDARD = "gnu++14";
				CLANG_CXX_LIBRARY = "libc++";
				CLANG_ENABLE_MODULES = YES;
				CLANG_ENABLE_OBJC_ARC = YES;
				CLANG_ENABLE_OBJC_WEAK = YES;
				CLANG_WARN_BLOCK_CAPTURE_AUTORELEASING = YES;
				CLANG_WARN_BOOL_CONVERSION = YES;
				CLANG_WARN_COMMA = YES;
				CLANG_WARN_CONSTANT_CONVERSION = YES;
				CLANG_WARN_DEPRECATED_OBJC_IMPLEMENTATIONS = YES;
				CLANG_WARN_DIRECT_OBJC_ISA_USAGE = YES_ERROR;
				CLANG_WARN_DOCUMENTATION_COMMENTS = YES;
				CLANG_WARN_EMPTY_BODY = YES;
				CLANG_WARN_ENUM_CONVERSION = YES;
				CLANG_WARN_INFINITE_RECURSION = YES;
				CLANG_WARN_INT_CONVERSION = YES;
				CLANG_WARN_NON_LITERAL_NULL_CONVERSION = YES;
				CLANG_WARN_OBJC_IMPLICIT_RETAIN_SELF = YES;
				CLANG_WARN_OBJC_LITERAL_CONVERSION = YES;
				CLANG_WARN_OBJC_ROOT_CLASS = YES_ERROR;
				CLANG_WARN_RANGE_LOOP_ANALYSIS = YES;
				CLANG_WARN_STRICT_PROTOTYPES = YES;
				CLANG_WARN_SUSPICIOUS_MOVE = YES;
				CLANG_WARN_UNGUARDED_AVAILABILITY = YES_AGGRESSIVE;
				CLANG_WARN_UNREACHABLE_CODE = YES;
				CLANG_WARN__DUPLICATE_METHOD_MATCH = YES;
				COPY_PHASE_STRIP = NO;
				DEBUG_INFORMATION_FORMAT = "dwarf-with-dsym";
				ENABLE_NS_ASSERTIONS = NO;
				ENABLE_STRICT_OBJC_MSGSEND = YES;
				GCC_C_LANGUAGE_STANDARD = gnu11;
				GCC_NO_COMMON_BLOCKS = YES;
				GCC_WARN_64_TO_32_BIT_CONVERSION = YES;
				GCC_WARN_ABOUT_RETURN_TYPE = YES_ERROR;
				GCC_WARN_UNDECLARED_SELECTOR = YES;
				GCC_WARN_UNINITIALIZED_AUTOS = YES_AGGRESSIVE;
				GCC_WARN_UNUSED_FUNCTION = YES;
				GCC_WARN_UNUSED_VARIABLE = YES;
				IPHONEOS_DEPLOYMENT_TARGET = 13.0;
				MTL_ENABLE_DEBUG_INFO = NO;
				MTL_FAST_MATH = YES;
				SDKROOT = iphoneos;
				SWIFT_COMPILATION_MODE = wholemodule;
				SWIFT_OPTIMIZATION_LEVEL = "-O";
				VALIDATE_PRODUCT = YES;
			};
			name = Release;
		};
		FC83204C2344025700D0CF55 /* Debug */ = {
			isa = XCBuildConfiguration;
			baseConfigurationReference = 1112430AC5939B6BA28B90C3 /* Pods-facultycollab.debug.xcconfig */;
			buildSettings = {
				ASSETCATALOG_COMPILER_APPICON_NAME = AppIcon;
				CODE_SIGN_STYLE = Automatic;
				DEVELOPMENT_ASSET_PATHS = "\"facultycollab/Preview Content\"";
				DEVELOPMENT_TEAM = N2WWEZ627P;
				ENABLE_PREVIEWS = YES;
				INFOPLIST_FILE = facultycollab/Info.plist;
				LD_RUNPATH_SEARCH_PATHS = (
					"$(inherited)",
					"@executable_path/Frameworks",
				);
				PRODUCT_BUNDLE_IDENTIFIER = com.bardell.facultycollab;
				PRODUCT_NAME = "$(TARGET_NAME)";
				SWIFT_VERSION = 5.0;
				TARGETED_DEVICE_FAMILY = "1,2";
			};
			name = Debug;
		};
		FC83204D2344025700D0CF55 /* Release */ = {
			isa = XCBuildConfiguration;
			baseConfigurationReference = 4545FE46AEBE42382E7D6EE6 /* Pods-facultycollab.release.xcconfig */;
			buildSettings = {
				ASSETCATALOG_COMPILER_APPICON_NAME = AppIcon;
				CODE_SIGN_STYLE = Automatic;
				DEVELOPMENT_ASSET_PATHS = "\"facultycollab/Preview Content\"";
				DEVELOPMENT_TEAM = N2WWEZ627P;
				ENABLE_PREVIEWS = YES;
				INFOPLIST_FILE = facultycollab/Info.plist;
				LD_RUNPATH_SEARCH_PATHS = (
					"$(inherited)",
					"@executable_path/Frameworks",
				);
				PRODUCT_BUNDLE_IDENTIFIER = com.bardell.facultycollab;
				PRODUCT_NAME = "$(TARGET_NAME)";
				SWIFT_VERSION = 5.0;
				TARGETED_DEVICE_FAMILY = "1,2";
			};
			name = Release;
		};
/* End XCBuildConfiguration section */

/* Begin XCConfigurationList section */
		FC8320322344025400D0CF55 /* Build configuration list for PBXProject "facultycollab" */ = {
			isa = XCConfigurationList;
			buildConfigurations = (
				FC8320492344025700D0CF55 /* Debug */,
				FC83204A2344025700D0CF55 /* Release */,
			);
			defaultConfigurationIsVisible = 0;
			defaultConfigurationName = Release;
		};
		FC83204B2344025700D0CF55 /* Build configuration list for PBXNativeTarget "facultycollab" */ = {
			isa = XCConfigurationList;
			buildConfigurations = (
				FC83204C2344025700D0CF55 /* Debug */,
				FC83204D2344025700D0CF55 /* Release */,
			);
			defaultConfigurationIsVisible = 0;
			defaultConfigurationName = Release;
		};
/* End XCConfigurationList section */
	};
	rootObject = FC83202F2344025400D0CF55 /* Project object */;
}
